
Microsoft Visual Studio Solution File, Format Version 12.00
# Visual Studio 2012
Project("{FAE04EC0-301F-11D3-BF4B-00C04F79EFBC}") = "ListExample", "ListExample\ListExample.csproj", "{E7AD57CF-3D57-444C-9A74-140B7DEF2CA4}"
EndProject
Global
	GlobalSection(SolutionConfigurationPlatforms) = preSolution
		Debug|Any CPU = Debug|Any CPU
		Release|Any CPU = Release|Any CPU
	EndGlobalSection
	GlobalSection(ProjectConfigurationPlatforms) = postSolution
		{E7AD57CF-3D57-444C-9A74-140B7DEF2CA4}.Debug|Any CPU.ActiveCfg = Debug|Any CPU
		{E7AD57CF-3D57-444C-9A74-140B7DEF2CA4}.Debug|Any CPU.Build.0 = Debug|Any CPU
		{E7AD57CF-3D57-444C-9A74-140B7DEF2CA4}.Release|Any CPU.ActiveCfg = Release|Any CPU
		{E7AD57CF-3D57-444C-9A74-140B7DEF2CA4}.Release|Any CPU.Build.0 = Release|Any CPU
	EndGlobalSection
	GlobalSection(SolutionProperties) = preSolution
		HideSolutionNode = FALSE
	EndGlobalSection
EndGlobal
