
Microsoft Visual Studio Solution File, Format Version 12.00
# Visual Studio 2012
Project("{FAE04EC0-301F-11D3-BF4B-00C04F79EFBC}") = "VarAndDynamic", "VarAndDynamic\VarAndDynamic.csproj", "{BD3F3EE2-4B5A-4472-B1DD-BF5CC9E1513B}"
EndProject
Global
	GlobalSection(SolutionConfigurationPlatforms) = preSolution
		Debug|Any CPU = Debug|Any CPU
		Release|Any CPU = Release|Any CPU
	EndGlobalSection
	GlobalSection(ProjectConfigurationPlatforms) = postSolution
		{BD3F3EE2-4B5A-4472-B1DD-BF5CC9E1513B}.Debug|Any CPU.ActiveCfg = Debug|Any CPU
		{BD3F3EE2-4B5A-4472-B1DD-BF5CC9E1513B}.Debug|Any CPU.Build.0 = Debug|Any CPU
		{BD3F3EE2-4B5A-4472-B1DD-BF5CC9E1513B}.Release|Any CPU.ActiveCfg = Release|Any CPU
		{BD3F3EE2-4B5A-4472-B1DD-BF5CC9E1513B}.Release|Any CPU.Build.0 = Release|Any CPU
	EndGlobalSection
	GlobalSection(SolutionProperties) = preSolution
		HideSolutionNode = FALSE
	EndGlobalSection
EndGlobal
